
Microsoft Visual Studio Solution File, Format Version 12.00
# Visual Studio 15
VisualStudioVersion = 15.0.28307.645
MinimumVisualStudioVersion = 10.0.40219.1
Project("{9A19103F-16F7-4668-BE54-9A1E7A4F7556}") = "AsveinNetworkApi", "AsveinNetworkApi\AsveinNetworkApi.csproj", "{03BD465E-855D-41EC-9FEB-E57F3E634FFD}"
EndProject
Project("{9A19103F-16F7-4668-BE54-9A1E7A4F7556}") = "Model", "Model\Model.csproj", "{C76C4295-4208-41DB-AC29-DBA844372604}"
EndProject
Project("{FAE04EC0-301F-11D3-BF4B-00C04F79EFBC}") = "DAL", "DAL\DAL.csproj", "{1EDAA8AF-E32F-44E4-919A-F488C6FBC424}"
EndProject
Project("{FAE04EC0-301F-11D3-BF4B-00C04F79EFBC}") = "BLL", "BLL\BLL.csproj", "{CCEFD5C7-1A7E-4AD3-B008-12FA5D1963DA}"
EndProject
Global
	GlobalSection(SolutionConfigurationPlatforms) = preSolution
		Debug|Any CPU = Debug|Any CPU
		Release|Any CPU = Release|Any CPU
	EndGlobalSection
	GlobalSection(ProjectConfigurationPlatforms) = postSolution
		{03BD465E-855D-41EC-9FEB-E57F3E634FFD}.Debug|Any CPU.ActiveCfg = Debug|Any CPU
		{03BD465E-855D-41EC-9FEB-E57F3E634FFD}.Debug|Any CPU.Build.0 = Debug|Any CPU
		{03BD465E-855D-41EC-9FEB-E57F3E634FFD}.Release|Any CPU.ActiveCfg = Release|Any CPU
		{03BD465E-855D-41EC-9FEB-E57F3E634FFD}.Release|Any CPU.Build.0 = Release|Any CPU
		{C76C4295-4208-41DB-AC29-DBA844372604}.Debug|Any CPU.ActiveCfg = Debug|Any CPU
		{C76C4295-4208-41DB-AC29-DBA844372604}.Debug|Any CPU.Build.0 = Debug|Any CPU
		{C76C4295-4208-41DB-AC29-DBA844372604}.Release|Any CPU.ActiveCfg = Release|Any CPU
		{C76C4295-4208-41DB-AC29-DBA844372604}.Release|Any CPU.Build.0 = Release|Any CPU
		{1EDAA8AF-E32F-44E4-919A-F488C6FBC424}.Debug|Any CPU.ActiveCfg = Debug|Any CPU
		{1EDAA8AF-E32F-44E4-919A-F488C6FBC424}.Debug|Any CPU.Build.0 = Debug|Any CPU
		{1EDAA8AF-E32F-44E4-919A-F488C6FBC424}.Release|Any CPU.ActiveCfg = Release|Any CPU
		{1EDAA8AF-E32F-44E4-919A-F488C6FBC424}.Release|Any CPU.Build.0 = Release|Any CPU
		{CCEFD5C7-1A7E-4AD3-B008-12FA5D1963DA}.Debug|Any CPU.ActiveCfg = Debug|Any CPU
		{CCEFD5C7-1A7E-4AD3-B008-12FA5D1963DA}.Debug|Any CPU.Build.0 = Debug|Any CPU
		{CCEFD5C7-1A7E-4AD3-B008-12FA5D1963DA}.Release|Any CPU.ActiveCfg = Release|Any CPU
		{CCEFD5C7-1A7E-4AD3-B008-12FA5D1963DA}.Release|Any CPU.Build.0 = Release|Any CPU
	EndGlobalSection
	GlobalSection(SolutionProperties) = preSolution
		HideSolutionNode = FALSE
	EndGlobalSection
	GlobalSection(ExtensibilityGlobals) = postSolution
		SolutionGuid = {B630D9A6-7A01-473C-957A-52CACC594719}
	EndGlobalSection
EndGlobal
