
Microsoft Visual Studio Solution File, Format Version 12.00
# Visual Studio 15
VisualStudioVersion = 15.0.28307.645
MinimumVisualStudioVersion = 10.0.40219.1
Project("{9A19103F-16F7-4668-BE54-9A1E7A4F7556}") = "AsveinNetworkMvc", "AsveinNetworkMvc\AsveinNetworkMvc.csproj", "{6E57BF2E-F0ED-43AF-AA29-15D32BBABA3A}"
EndProject
Project("{9A19103F-16F7-4668-BE54-9A1E7A4F7556}") = "Model", "Model\Model.csproj", "{4E0E3694-0BB5-4CAE-A701-200E9A022734}"
EndProject
Global
	GlobalSection(SolutionConfigurationPlatforms) = preSolution
		Debug|Any CPU = Debug|Any CPU
		Release|Any CPU = Release|Any CPU
	EndGlobalSection
	GlobalSection(ProjectConfigurationPlatforms) = postSolution
		{6E57BF2E-F0ED-43AF-AA29-15D32BBABA3A}.Debug|Any CPU.ActiveCfg = Debug|Any CPU
		{6E57BF2E-F0ED-43AF-AA29-15D32BBABA3A}.Debug|Any CPU.Build.0 = Debug|Any CPU
		{6E57BF2E-F0ED-43AF-AA29-15D32BBABA3A}.Release|Any CPU.ActiveCfg = Release|Any CPU
		{6E57BF2E-F0ED-43AF-AA29-15D32BBABA3A}.Release|Any CPU.Build.0 = Release|Any CPU
		{4E0E3694-0BB5-4CAE-A701-200E9A022734}.Debug|Any CPU.ActiveCfg = Debug|Any CPU
		{4E0E3694-0BB5-4CAE-A701-200E9A022734}.Debug|Any CPU.Build.0 = Debug|Any CPU
		{4E0E3694-0BB5-4CAE-A701-200E9A022734}.Release|Any CPU.ActiveCfg = Release|Any CPU
		{4E0E3694-0BB5-4CAE-A701-200E9A022734}.Release|Any CPU.Build.0 = Release|Any CPU
	EndGlobalSection
	GlobalSection(SolutionProperties) = preSolution
		HideSolutionNode = FALSE
	EndGlobalSection
	GlobalSection(ExtensibilityGlobals) = postSolution
		SolutionGuid = {3F0A7478-AF8F-4189-80CB-D7AAB17438B0}
	EndGlobalSection
EndGlobal
